{
  "lockfileVersion": 1,
  "configVersion": 1,
  "workspaces": {
    "": {
      "name": "near",
      "dependencies": {
        "@napi-rs/keyring": "^1.2.0",
        "@noble/curves": "^2.0.1",
        "@noble/hashes": "^2.0.1",
        "@scure/base": "^2.0.0",
        "@scure/bip32": "^2.0.1",
        "@scure/bip39": "^2.0.1",
        "@zorsh/zorsh": "^0.3.3",
        "tar": "^7.5.2",
        "zod": "^4.1.12",
      },
      "devDependencies": {
        "@biomejs/biome": "^2.3.5",
        "@hot-labs/near-connect": "^0.6.9",
        "@near-js/transactions": "^2.5.1",
        "@near-js/types": "^2.5.1",
        "@near-wallet-selector/core": "^10.1.0",
        "@types/bun": "^1.3.2",
        "@types/tar": "^6.1.13",
        "typescript": "^5.9.3",
      },
      "peerDependencies": {
        "@hot-labs/near-connect": ">=0.6.0",
        "@near-wallet-selector/core": ">=8.0.0",
      },
      "optionalPeers": [
        "@hot-labs/near-connect",
        "@near-wallet-selector/core",
      ],
    },
  },
  "packages": {
    "@adraffy/ens-normalize": ["@adraffy/ens-normalize@1.11.1", "", {}, "sha512-nhCBV3quEgesuf7c7KYfperqSS14T8bYuvJ8PcLJp6znkZpFc0AuW4qBtr8eKVyPPe/8RSr7sglCWPU5eaxwKQ=="],

    "@biomejs/biome": ["@biomejs/biome@2.3.5", "", { "optionalDependencies": { "@biomejs/cli-darwin-arm64": "2.3.5", "@biomejs/cli-darwin-x64": "2.3.5", "@biomejs/cli-linux-arm64": "2.3.5", "@biomejs/cli-linux-arm64-musl": "2.3.5", "@biomejs/cli-linux-x64": "2.3.5", "@biomejs/cli-linux-x64-musl": "2.3.5", "@biomejs/cli-win32-arm64": "2.3.5", "@biomejs/cli-win32-x64": "2.3.5" }, "bin": { "biome": "bin/biome" } }, "sha512-HvLhNlIlBIbAV77VysRIBEwp55oM/QAjQEin74QQX9Xb259/XP/D5AGGnZMOyF1el4zcvlNYYR3AyTMUV3ILhg=="],

    "@biomejs/cli-darwin-arm64": ["@biomejs/cli-darwin-arm64@2.3.5", "", { "os": "darwin", "cpu": "arm64" }, "sha512-fLdTur8cJU33HxHUUsii3GLx/TR0BsfQx8FkeqIiW33cGMtUD56fAtrh+2Fx1uhiCsVZlFh6iLKUU3pniZREQw=="],

    "@biomejs/cli-darwin-x64": ["@biomejs/cli-darwin-x64@2.3.5", "", { "os": "darwin", "cpu": "x64" }, "sha512-qpT8XDqeUlzrOW8zb4k3tjhT7rmvVRumhi2657I2aGcY4B+Ft5fNwDdZGACzn8zj7/K1fdWjgwYE3i2mSZ+vOA=="],

    "@biomejs/cli-linux-arm64": ["@biomejs/cli-linux-arm64@2.3.5", "", { "os": "linux", "cpu": "arm64" }, "sha512-u/pybjTBPGBHB66ku4pK1gj+Dxgx7/+Z0jAriZISPX1ocTO8aHh8x8e7Kb1rB4Ms0nA/SzjtNOVJ4exVavQBCw=="],

    "@biomejs/cli-linux-arm64-musl": ["@biomejs/cli-linux-arm64-musl@2.3.5", "", { "os": "linux", "cpu": "arm64" }, "sha512-eGUG7+hcLgGnMNl1KHVZUYxahYAhC462jF/wQolqu4qso2MSk32Q+QrpN7eN4jAHAg7FUMIo897muIhK4hXhqg=="],

    "@biomejs/cli-linux-x64": ["@biomejs/cli-linux-x64@2.3.5", "", { "os": "linux", "cpu": "x64" }, "sha512-XrIVi9YAW6ye0CGQ+yax0gLfx+BFOtKaNX74n+xHWla6Cl6huUmcKNO7HPx7BiKnJUzrxXY1qYlm7xMvi08X4g=="],

    "@biomejs/cli-linux-x64-musl": ["@biomejs/cli-linux-x64-musl@2.3.5", "", { "os": "linux", "cpu": "x64" }, "sha512-awVuycTPpVTH/+WDVnEEYSf6nbCBHf/4wB3lquwT7puhNg8R4XvonWNZzUsfHZrCkjkLhFH/vCZK5jHatD9FEg=="],

    "@biomejs/cli-win32-arm64": ["@biomejs/cli-win32-arm64@2.3.5", "", { "os": "win32", "cpu": "arm64" }, "sha512-DlBiMlBZZ9eIq4H7RimDSGsYcOtfOIfZOaI5CqsWiSlbTfqbPVfWtCf92wNzx8GNMbu1s7/g3ZZESr6+GwM/SA=="],

    "@biomejs/cli-win32-x64": ["@biomejs/cli-win32-x64@2.3.5", "", { "os": "win32", "cpu": "x64" }, "sha512-nUmR8gb6yvrKhtRgzwo/gDimPwnO5a4sCydf8ZS2kHIJhEmSmk+STsusr1LHTuM//wXppBawvSQi2xFXJCdgKQ=="],

    "@hot-labs/near-connect": ["@hot-labs/near-connect@0.6.9", "", { "peerDependencies": { "@walletconnect/sign-client": "^2.21.8" } }, "sha512-ei2XK24URJKFEzWSuth3Q2cYs7pfIQZiM3+46+V4dFgJbOuU1AVbJRMH2Yyv2f1APZWcoQsiik/KGMTdU2FZMw=="],

    "@isaacs/fs-minipass": ["@isaacs/fs-minipass@4.0.1", "", { "dependencies": { "minipass": "^7.0.4" } }, "sha512-wgm9Ehl2jpeqP3zw/7mo3kRHFp5MEDhqAdwy1fTGkHAwnkGOVsgpvQhL8B5n1qlb01jV3n/bI0ZfZp5lWA1k4w=="],

    "@msgpack/msgpack": ["@msgpack/msgpack@3.1.2", "", {}, "sha512-JEW4DEtBzfe8HvUYecLU9e6+XJnKDlUAIve8FvPzF3Kzs6Xo/KuZkZJsDH0wJXl/qEZbeeE7edxDNY3kMs39hQ=="],

    "@napi-rs/keyring": ["@napi-rs/keyring@1.2.0", "", { "optionalDependencies": { "@napi-rs/keyring-darwin-arm64": "1.2.0", "@napi-rs/keyring-darwin-x64": "1.2.0", "@napi-rs/keyring-freebsd-x64": "1.2.0", "@napi-rs/keyring-linux-arm-gnueabihf": "1.2.0", "@napi-rs/keyring-linux-arm64-gnu": "1.2.0", "@napi-rs/keyring-linux-arm64-musl": "1.2.0", "@napi-rs/keyring-linux-riscv64-gnu": "1.2.0", "@napi-rs/keyring-linux-x64-gnu": "1.2.0", "@napi-rs/keyring-linux-x64-musl": "1.2.0", "@napi-rs/keyring-win32-arm64-msvc": "1.2.0", "@napi-rs/keyring-win32-ia32-msvc": "1.2.0", "@napi-rs/keyring-win32-x64-msvc": "1.2.0" } }, "sha512-d0d4Oyxm+v980PEq1ZH2PmS6cvpMIRc17eYpiU47KgW+lzxklMu6+HOEOPmxrpnF/XQZ0+Q78I2mgMhbIIo/dg=="],

    "@napi-rs/keyring-darwin-arm64": ["@napi-rs/keyring-darwin-arm64@1.2.0", "", { "os": "darwin", "cpu": "arm64" }, "sha512-CA83rDeyONDADO25JLZsh3eHY8yTEtm/RS6ecPsY+1v+dSawzT9GywBMu2r6uOp1IEhQs/xAfxgybGAFr17lSA=="],

    "@napi-rs/keyring-darwin-x64": ["@napi-rs/keyring-darwin-x64@1.2.0", "", { "os": "darwin", "cpu": "x64" }, "sha512-dBHjtKRCj4ByfnfqIKIJLo3wueQNJhLRyuxtX/rR4K/XtcS7VLlRD01XXizjpre54vpmObj63w+ZpHG+mGM8uA=="],

    "@napi-rs/keyring-freebsd-x64": ["@napi-rs/keyring-freebsd-x64@1.2.0", "", { "os": "freebsd", "cpu": "x64" }, "sha512-DPZFr11pNJSnaoh0dzSUNF+T6ORhy3CkzUT3uGixbA71cAOPJ24iG8e8QrLOkuC/StWrAku3gBnth2XMWOcR3Q=="],

    "@napi-rs/keyring-linux-arm-gnueabihf": ["@napi-rs/keyring-linux-arm-gnueabihf@1.2.0", "", { "os": "linux", "cpu": "arm" }, "sha512-8xv6DyEMlvRdqJzp4F39RLUmmTQsLcGYYv/3eIfZNZN1O5257tHxTrFYqAsny659rJJK2EKeSa7PhrSibQqRWQ=="],

    "@napi-rs/keyring-linux-arm64-gnu": ["@napi-rs/keyring-linux-arm64-gnu@1.2.0", "", { "os": "linux", "cpu": "arm64" }, "sha512-Pu2V6Py+PBt7inryEecirl+t+ti8bhZphjP+W68iVaXHUxLdWmkgL9KI1VkbRHbx5k8K5Tew9OP218YfmVguIA=="],

    "@napi-rs/keyring-linux-arm64-musl": ["@napi-rs/keyring-linux-arm64-musl@1.2.0", "", { "os": "linux", "cpu": "arm64" }, "sha512-8TDymrpC4P1a9iDEaegT7RnrkmrJN5eNZh3Im3UEV5PPYGtrb82CRxsuFohthCWQW81O483u1bu+25+XA4nKUw=="],

    "@napi-rs/keyring-linux-riscv64-gnu": ["@napi-rs/keyring-linux-riscv64-gnu@1.2.0", "", { "os": "linux", "cpu": "none" }, "sha512-awsB5XI1MYL7fwfjMDGmKOWvNgJEO7mM7iVEMS0fO39f0kVJnOSjlu7RHcXAF0LOx+0VfF3oxbWqJmZbvRCRHw=="],

    "@napi-rs/keyring-linux-x64-gnu": ["@napi-rs/keyring-linux-x64-gnu@1.2.0", "", { "os": "linux", "cpu": "x64" }, "sha512-8E+7z4tbxSJXxIBqA+vfB1CGajpCDRyTyqXkBig5NtASrv4YXcntSo96Iah2QDR5zD3dSTsmbqJudcj9rKKuHQ=="],

    "@napi-rs/keyring-linux-x64-musl": ["@napi-rs/keyring-linux-x64-musl@1.2.0", "", { "os": "linux", "cpu": "x64" }, "sha512-8RZ8yVEnmWr/3BxKgBSzmgntI7lNEsY7xouNfOsQkuVAiCNmxzJwETspzK3PQ2FHtDxgz5vHQDEBVGMyM4hUHA=="],

    "@napi-rs/keyring-win32-arm64-msvc": ["@napi-rs/keyring-win32-arm64-msvc@1.2.0", "", { "os": "win32", "cpu": "arm64" }, "sha512-AoqaDZpQ6KPE19VBLpxyORcp+yWmHI9Xs9Oo0PJ4mfHma4nFSLVdhAubJCxdlNptHe5va7ghGCHj3L9Akiv4cQ=="],

    "@napi-rs/keyring-win32-ia32-msvc": ["@napi-rs/keyring-win32-ia32-msvc@1.2.0", "", { "os": "win32", "cpu": "ia32" }, "sha512-EYL+EEI6bCsYi3LfwcQdnX3P/R76ENKNn+3PmpGheBsUFLuh0gQuP7aMVHM4rTw6UVe+L3vCLZSptq/oeacz0A=="],

    "@napi-rs/keyring-win32-x64-msvc": ["@napi-rs/keyring-win32-x64-msvc@1.2.0", "", { "os": "win32", "cpu": "x64" }, "sha512-xFlx/TsmqmCwNU9v+AVnEJgoEAlBYgzFF5Ihz1rMpPAt4qQWWkMd4sCyM1gMJ1A/GnRqRegDiQpwaxGUHFtFbA=="],

    "@near-js/crypto": ["@near-js/crypto@2.5.1", "", { "dependencies": { "@near-js/types": "2.5.1", "@near-js/utils": "2.5.1", "@noble/curves": "1.8.1", "@noble/hashes": "^1.7.1", "borsh": "1.0.0", "secp256k1": "5.0.1" } }, "sha512-Kb+bbnUrfvuzzed9hpLRpcIlCMOaQlw/7BxlZPCq8DggVaK1m0nKR1DHQs2cV0Q0WSKSk2UrFJho1dxeKL5alg=="],

    "@near-js/keystores": ["@near-js/keystores@2.5.1", "", { "dependencies": { "@near-js/crypto": "2.5.1", "@near-js/types": "2.5.1" } }, "sha512-UlP3GXeDzRyUlL3qKZUkwSwbABDarhOqRRR0vcMBOOu+063GDULGio9GTWDvKDDi11nmfbhOzbiY5vXEW4jR8g=="],

    "@near-js/providers": ["@near-js/providers@2.5.1", "", { "dependencies": { "@near-js/crypto": "2.5.1", "@near-js/transactions": "2.5.1", "@near-js/types": "2.5.1", "@near-js/utils": "2.5.1", "borsh": "1.0.0", "exponential-backoff": "^3.1.2" }, "optionalDependencies": { "node-fetch": "2.6.7" } }, "sha512-4DUyAKdEJVOF/7Ud364lDS8Wk+ZUc67ozgqa3dd8z/9RqIWIPCufPiZS3/89Vxi0qL+1uKlXchPpiemZLC+UOw=="],

    "@near-js/signers": ["@near-js/signers@2.5.1", "", { "dependencies": { "@near-js/crypto": "2.5.1", "@near-js/keystores": "2.5.1", "@near-js/transactions": "2.5.1", "@noble/hashes": "1.7.1", "borsh": "1.0.0" } }, "sha512-5Zmf/2mnnSqEjYoJ+kuS3CQPMwrGInWfGlIxvpvRWXZxL3cv/7REuhclxrLJqq5SqqEAl2cL32V1u0S18r+rkA=="],

    "@near-js/transactions": ["@near-js/transactions@2.5.1", "", { "dependencies": { "@near-js/crypto": "2.5.1", "@near-js/types": "2.5.1", "@near-js/utils": "2.5.1", "@noble/hashes": "1.7.1", "borsh": "1.0.0" } }, "sha512-0svK5K6VqOciSIn9mxreyS0uQf8T1UZc71JBA6yrstpHJhltz/dvNUMY0FV+xHx3H/KAdvCMjX0VLEpyi08yWQ=="],

    "@near-js/types": ["@near-js/types@2.5.1", "", {}, "sha512-lUJJmbV6qcilIwswldeP7FIjkjTWvmtgI+yQHVmiBNRVjYvPMiQ/e9vs3SXE/cYtRluAdq0JHJwYoqhFb69mwA=="],

    "@near-js/utils": ["@near-js/utils@2.5.1", "", { "dependencies": { "@near-js/types": "2.5.1", "@scure/base": "^1.2.4", "depd": "2.0.0", "mustache": "4.0.0" } }, "sha512-bXsw7Qkm689tV0sg6nwplAFoL6PrQ5tY72YIoiZezZ8ZGBea+2+ILmUIHWKLum7b7qJHKq1iH7uycE+m+Z4QHA=="],

    "@near-wallet-selector/core": ["@near-wallet-selector/core@10.1.0", "", { "dependencies": { "@near-js/crypto": "^2.3.0", "@near-js/providers": "^2.3.0", "@near-js/signers": "^2.3.0", "@near-js/transactions": "^2.3.0", "@near-js/types": "^2.3.0", "borsh": "2.0.0", "events": "3.3.0", "js-sha256": "0.9.0", "rxjs": "7.8.1" } }, "sha512-ZGr7Pc05JoVRsNEG6sBl0ZE8HXkgPoy5yOc8ntxJHdGDjK0rw9G7b7ThnvP8eWzs6OHGcSEoOEPgNmtT8BrcBg=="],

    "@noble/ciphers": ["@noble/ciphers@1.3.0", "", {}, "sha512-2I0gnIVPtfnMw9ee9h1dJG7tp81+8Ob3OJb3Mv37rx5L40/b0i7djjCVvGOVqc9AEIQyvyu1i6ypKdFw8R8gQw=="],

    "@noble/curves": ["@noble/curves@2.0.1", "", { "dependencies": { "@noble/hashes": "2.0.1" } }, "sha512-vs1Az2OOTBiP4q0pwjW5aF0xp9n4MxVrmkFBxc6EKZc6ddYx5gaZiAsZoq0uRRXWbi3AT/sBqn05eRPtn1JCPw=="],

    "@noble/hashes": ["@noble/hashes@2.0.1", "", {}, "sha512-XlOlEbQcE9fmuXxrVTXCTlG2nlRXa9Rj3rr5Ue/+tX+nmkgbX720YHh0VR3hBF9xDvwnb8D2shVGOwNx+ulArw=="],

    "@scure/base": ["@scure/base@2.0.0", "", {}, "sha512-3E1kpuZginKkek01ovG8krQ0Z44E3DHPjc5S2rjJw9lZn3KSQOs8S7wqikF/AH7iRanHypj85uGyxk0XAyC37w=="],

    "@scure/bip32": ["@scure/bip32@2.0.1", "", { "dependencies": { "@noble/curves": "2.0.1", "@noble/hashes": "2.0.1", "@scure/base": "2.0.0" } }, "sha512-4Md1NI5BzoVP+bhyJaY3K6yMesEFzNS1sE/cP+9nuvE7p/b0kx9XbpDHHFl8dHtufcbdHRUUQdRqLIPHN/s7yA=="],

    "@scure/bip39": ["@scure/bip39@2.0.1", "", { "dependencies": { "@noble/hashes": "2.0.1", "@scure/base": "2.0.0" } }, "sha512-PsxdFj/d2AcJcZDX1FXN3dDgitDDTmwf78rKZq1a6c1P1Nan1X/Sxc7667zU3U+AN60g7SxxP0YCVw2H/hBycg=="],

    "@types/bun": ["@types/bun@1.3.2", "", { "dependencies": { "bun-types": "1.3.2" } }, "sha512-t15P7k5UIgHKkxwnMNkJbWlh/617rkDGEdSsDbu+qNHTaz9SKf7aC8fiIlUdD5RPpH6GEkP0cK7WlvmrEBRtWg=="],

    "@types/node": ["@types/node@24.10.1", "", { "dependencies": { "undici-types": "~7.16.0" } }, "sha512-GNWcUTRBgIRJD5zj+Tq0fKOJ5XZajIiBroOF0yvj2bSU1WvNdYS/dn9UxwsujGW4JX06dnHyjV2y9rRaybH0iQ=="],

    "@types/react": ["@types/react@19.2.4", "", { "dependencies": { "csstype": "^3.0.2" } }, "sha512-tBFxBp9Nfyy5rsmefN+WXc1JeW/j2BpBHFdLZbEVfs9wn3E3NRFxwV0pJg8M1qQAexFpvz73hJXFofV0ZAu92A=="],

    "@types/tar": ["@types/tar@6.1.13", "", { "dependencies": { "@types/node": "*", "minipass": "^4.0.0" } }, "sha512-IznnlmU5f4WcGTh2ltRu/Ijpmk8wiWXfF0VA4s+HPjHZgvFggk1YaIkbo5krX/zUCzWF8N/l4+W/LNxnvAJ8nw=="],

    "@walletconnect/core": ["@walletconnect/core@2.23.0", "", { "dependencies": { "@walletconnect/heartbeat": "1.2.2", "@walletconnect/jsonrpc-provider": "1.0.14", "@walletconnect/jsonrpc-types": "1.0.4", "@walletconnect/jsonrpc-utils": "1.0.8", "@walletconnect/jsonrpc-ws-connection": "1.0.16", "@walletconnect/keyvaluestorage": "1.1.1", "@walletconnect/logger": "3.0.0", "@walletconnect/relay-api": "1.0.11", "@walletconnect/relay-auth": "1.1.0", "@walletconnect/safe-json": "1.0.2", "@walletconnect/time": "1.0.2", "@walletconnect/types": "2.23.0", "@walletconnect/utils": "2.23.0", "@walletconnect/window-getters": "1.0.1", "es-toolkit": "1.39.3", "events": "3.3.0", "uint8arrays": "3.1.1" } }, "sha512-W++xuXf+AsMPrBWn1It8GheIbCTp1ynTQP+aoFB86eUwyCtSiK7UQsn/+vJZdwElrn+Ptp2A0RqQx2onTMVHjQ=="],

    "@walletconnect/environment": ["@walletconnect/environment@1.0.1", "", { "dependencies": { "tslib": "1.14.1" } }, "sha512-T426LLZtHj8e8rYnKfzsw1aG6+M0BT1ZxayMdv/p8yM0MU+eJDISqNY3/bccxRr4LrF9csq02Rhqt08Ibl0VRg=="],

    "@walletconnect/events": ["@walletconnect/events@1.0.1", "", { "dependencies": { "keyvaluestorage-interface": "^1.0.0", "tslib": "1.14.1" } }, "sha512-NPTqaoi0oPBVNuLv7qPaJazmGHs5JGyO8eEAk5VGKmJzDR7AHzD4k6ilox5kxk1iwiOnFopBOOMLs86Oa76HpQ=="],

    "@walletconnect/heartbeat": ["@walletconnect/heartbeat@1.2.2", "", { "dependencies": { "@walletconnect/events": "^1.0.1", "@walletconnect/time": "^1.0.2", "events": "^3.3.0" } }, "sha512-uASiRmC5MwhuRuf05vq4AT48Pq8RMi876zV8rr8cV969uTOzWdB/k+Lj5yI2PBtB1bGQisGen7MM1GcZlQTBXw=="],

    "@walletconnect/jsonrpc-provider": ["@walletconnect/jsonrpc-provider@1.0.14", "", { "dependencies": { "@walletconnect/jsonrpc-utils": "^1.0.8", "@walletconnect/safe-json": "^1.0.2", "events": "^3.3.0" } }, "sha512-rtsNY1XqHvWj0EtITNeuf8PHMvlCLiS3EjQL+WOkxEOA4KPxsohFnBDeyPYiNm4ZvkQdLnece36opYidmtbmow=="],

    "@walletconnect/jsonrpc-types": ["@walletconnect/jsonrpc-types@1.0.4", "", { "dependencies": { "events": "^3.3.0", "keyvaluestorage-interface": "^1.0.0" } }, "sha512-P6679fG/M+wuWg9TY8mh6xFSdYnFyFjwFelxyISxMDrlbXokorEVXYOxiqEbrU3x1BmBoCAJJ+vtEaEoMlpCBQ=="],

    "@walletconnect/jsonrpc-utils": ["@walletconnect/jsonrpc-utils@1.0.8", "", { "dependencies": { "@walletconnect/environment": "^1.0.1", "@walletconnect/jsonrpc-types": "^1.0.3", "tslib": "1.14.1" } }, "sha512-vdeb03bD8VzJUL6ZtzRYsFMq1eZQcM3EAzT0a3st59dyLfJ0wq+tKMpmGH7HlB7waD858UWgfIcudbPFsbzVdw=="],

    "@walletconnect/jsonrpc-ws-connection": ["@walletconnect/jsonrpc-ws-connection@1.0.16", "", { "dependencies": { "@walletconnect/jsonrpc-utils": "^1.0.6", "@walletconnect/safe-json": "^1.0.2", "events": "^3.3.0", "ws": "^7.5.1" } }, "sha512-G81JmsMqh5nJheE1mPst1W0WfVv0SG3N7JggwLLGnI7iuDZJq8cRJvQwLGKHn5H1WTW7DEPCo00zz5w62AbL3Q=="],

    "@walletconnect/keyvaluestorage": ["@walletconnect/keyvaluestorage@1.1.1", "", { "dependencies": { "@walletconnect/safe-json": "^1.0.1", "idb-keyval": "^6.2.1", "unstorage": "^1.9.0" }, "peerDependencies": { "@react-native-async-storage/async-storage": "1.x" }, "optionalPeers": ["@react-native-async-storage/async-storage"] }, "sha512-V7ZQq2+mSxAq7MrRqDxanTzu2RcElfK1PfNYiaVnJgJ7Q7G7hTVwF8voIBx92qsRyGHZihrwNPHuZd1aKkd0rA=="],

    "@walletconnect/logger": ["@walletconnect/logger@3.0.0", "", { "dependencies": { "@walletconnect/safe-json": "^1.0.2", "pino": "10.0.0" } }, "sha512-DDktPBFdmt5d7U3sbp4e3fQHNS1b6amsR8FmtOnt6L2SnV7VfcZr8VmAGL12zetAR+4fndegbREmX0P8Mw6eDg=="],

    "@walletconnect/relay-api": ["@walletconnect/relay-api@1.0.11", "", { "dependencies": { "@walletconnect/jsonrpc-types": "^1.0.2" } }, "sha512-tLPErkze/HmC9aCmdZOhtVmYZq1wKfWTJtygQHoWtgg722Jd4homo54Cs4ak2RUFUZIGO2RsOpIcWipaua5D5Q=="],

    "@walletconnect/relay-auth": ["@walletconnect/relay-auth@1.1.0", "", { "dependencies": { "@noble/curves": "1.8.0", "@noble/hashes": "1.7.0", "@walletconnect/safe-json": "^1.0.1", "@walletconnect/time": "^1.0.2", "uint8arrays": "^3.0.0" } }, "sha512-qFw+a9uRz26jRCDgL7Q5TA9qYIgcNY8jpJzI1zAWNZ8i7mQjaijRnWFKsCHAU9CyGjvt6RKrRXyFtFOpWTVmCQ=="],

    "@walletconnect/safe-json": ["@walletconnect/safe-json@1.0.2", "", { "dependencies": { "tslib": "1.14.1" } }, "sha512-Ogb7I27kZ3LPC3ibn8ldyUr5544t3/STow9+lzz7Sfo808YD7SBWk7SAsdBFlYgP2zDRy2hS3sKRcuSRM0OTmA=="],

    "@walletconnect/sign-client": ["@walletconnect/sign-client@2.23.0", "", { "dependencies": { "@walletconnect/core": "2.23.0", "@walletconnect/events": "1.0.1", "@walletconnect/heartbeat": "1.2.2", "@walletconnect/jsonrpc-utils": "1.0.8", "@walletconnect/logger": "3.0.0", "@walletconnect/time": "1.0.2", "@walletconnect/types": "2.23.0", "@walletconnect/utils": "2.23.0", "events": "3.3.0" } }, "sha512-Nzf5x/LnQgC0Yjk0NmkT8kdrIMcScpALiFm9gP0n3CulL+dkf3HumqWzdoTmQSqGPxwHu/TNhGOaRKZLGQXSqw=="],

    "@walletconnect/time": ["@walletconnect/time@1.0.2", "", { "dependencies": { "tslib": "1.14.1" } }, "sha512-uzdd9woDcJ1AaBZRhqy5rNC9laqWGErfc4dxA9a87mPdKOgWMD85mcFo9dIYIts/Jwocfwn07EC6EzclKubk/g=="],

    "@walletconnect/types": ["@walletconnect/types@2.23.0", "", { "dependencies": { "@walletconnect/events": "1.0.1", "@walletconnect/heartbeat": "1.2.2", "@walletconnect/jsonrpc-types": "1.0.4", "@walletconnect/keyvaluestorage": "1.1.1", "@walletconnect/logger": "3.0.0", "events": "3.3.0" } }, "sha512-9ZEOJyx/kNVCRncDHh3Qr9eH7Ih1dXBFB4k1J8iEudkv3t4GhYpXhqIt2kNdQWluPb1BBB4wEuckAT96yKuA8g=="],

    "@walletconnect/utils": ["@walletconnect/utils@2.23.0", "", { "dependencies": { "@msgpack/msgpack": "3.1.2", "@noble/ciphers": "1.3.0", "@noble/curves": "1.9.7", "@noble/hashes": "1.8.0", "@scure/base": "1.2.6", "@walletconnect/jsonrpc-utils": "1.0.8", "@walletconnect/keyvaluestorage": "1.1.1", "@walletconnect/logger": "3.0.0", "@walletconnect/relay-api": "1.0.11", "@walletconnect/relay-auth": "1.1.0", "@walletconnect/safe-json": "1.0.2", "@walletconnect/time": "1.0.2", "@walletconnect/types": "2.23.0", "@walletconnect/window-getters": "1.0.1", "@walletconnect/window-metadata": "1.0.1", "blakejs": "1.2.1", "bs58": "6.0.0", "detect-browser": "5.3.0", "ox": "0.9.3", "uint8arrays": "3.1.1" } }, "sha512-bVyv4Hl+/wVGueZ6rEO0eYgDy5deSBA4JjpJHAMOdaNoYs05NTE1HymV2lfPQQHuqc7suYexo9jwuW7i3JLuAA=="],

    "@walletconnect/window-getters": ["@walletconnect/window-getters@1.0.1", "", { "dependencies": { "tslib": "1.14.1" } }, "sha512-vHp+HqzGxORPAN8gY03qnbTMnhqIwjeRJNOMOAzePRg4xVEEE2WvYsI9G2NMjOknA8hnuYbU3/hwLcKbjhc8+Q=="],

    "@walletconnect/window-metadata": ["@walletconnect/window-metadata@1.0.1", "", { "dependencies": { "@walletconnect/window-getters": "^1.0.1", "tslib": "1.14.1" } }, "sha512-9koTqyGrM2cqFRW517BPY/iEtUDx2r1+Pwwu5m7sJ7ka79wi3EyqhqcICk/yDmv6jAS1rjKgTKXlEhanYjijcA=="],

    "@zorsh/zorsh": ["@zorsh/zorsh@0.3.3", "", {}, "sha512-Fu+iihpwuWPki/I93Bnocj4wmsDaOIfplzvbWGY1zvkGkvPq7y+npE2/Sub0bJJ0EB2C6fH/JvHkbH9B+9OIDQ=="],

    "abitype": ["abitype@1.1.1", "", { "peerDependencies": { "typescript": ">=5.0.4", "zod": "^3.22.0 || ^4.0.0" }, "optionalPeers": ["typescript", "zod"] }, "sha512-Loe5/6tAgsBukY95eGaPSDmQHIjRZYQq8PB1MpsNccDIK8WiV+Uw6WzaIXipvaxTEL2yEB0OpEaQv3gs8pkS9Q=="],

    "anymatch": ["anymatch@3.1.3", "", { "dependencies": { "normalize-path": "^3.0.0", "picomatch": "^2.0.4" } }, "sha512-KMReFUr0B4t+D+OBkjR3KYqvocp2XaSzO55UcB6mgQMd3KbcE+mWTyvVV7D/zsdEbNnV6acZUutkiHQXvTr1Rw=="],

    "atomic-sleep": ["atomic-sleep@1.0.0", "", {}, "sha512-kNOjDqAh7px0XWNI+4QbzoiR/nTkHAWNud2uvnJquD1/x5a7EQZMJT0AczqK0Qn67oY/TTQ1LbUKajZpp3I9tQ=="],

    "base-x": ["base-x@5.0.1", "", {}, "sha512-M7uio8Zt++eg3jPj+rHMfCC+IuygQHHCOU+IYsVtik6FWjuYpVt/+MRKcgsAMHh8mMFAwnB+Bs+mTrFiXjMzKg=="],

    "blakejs": ["blakejs@1.2.1", "", {}, "sha512-QXUSXI3QVc/gJME0dBpXrag1kbzOqCjCX8/b54ntNyW6sjtoqxqRk3LTmXzaJoh71zMsDCjM+47jS7XiwN/+fQ=="],

    "bn.js": ["bn.js@4.12.2", "", {}, "sha512-n4DSx829VRTRByMRGdjQ9iqsN0Bh4OolPsFnaZBLcbi8iXcB+kJ9s7EnRt4wILZNV3kPLHkRVfOc/HvhC3ovDw=="],

    "borsh": ["borsh@1.0.0", "", {}, "sha512-fSVWzzemnyfF89EPwlUNsrS5swF5CrtiN4e+h0/lLf4dz2he4L3ndM20PS9wj7ICSkXJe/TQUHdaPTq15b1mNQ=="],

    "brorand": ["brorand@1.1.0", "", {}, "sha512-cKV8tMCEpQs4hK/ik71d6LrPOnpkpGBR0wzxqr68g2m/LB2GxVYQroAjMJZRVM1Y4BCjCKc3vAamxSzOY2RP+w=="],

    "bs58": ["bs58@6.0.0", "", { "dependencies": { "base-x": "^5.0.0" } }, "sha512-PD0wEnEYg6ijszw/u8s+iI3H17cTymlrwkKhDhPZq+Sokl3AU4htyBFTjAeNAlCCmg0f53g6ih3jATyCKftTfw=="],

    "bun-types": ["bun-types@1.3.2", "", { "dependencies": { "@types/node": "*" }, "peerDependencies": { "@types/react": "^19" } }, "sha512-i/Gln4tbzKNuxP70OWhJRZz1MRfvqExowP7U6JKoI8cntFrtxg7RJK3jvz7wQW54UuvNC8tbKHHri5fy74FVqg=="],

    "chokidar": ["chokidar@4.0.3", "", { "dependencies": { "readdirp": "^4.0.1" } }, "sha512-Qgzu8kfBvo+cA4962jnP1KkS6Dop5NS6g7R5LFYJr4b8Ub94PPQXUksCw9PvXoeXPRRddRNC5C1JQUR2SMGtnA=="],

    "chownr": ["chownr@3.0.0", "", {}, "sha512-+IxzY9BZOQd/XuYPRmrvEVjF/nqj5kgT4kEq7VofrDoM1MxoRjEWkrCC3EtLi59TVawxTAn+orJwFQcrqEN1+g=="],

    "cookie-es": ["cookie-es@1.2.2", "", {}, "sha512-+W7VmiVINB+ywl1HGXJXmrqkOhpKrIiVZV6tQuV54ZyQC7MMuBt81Vc336GMLoHBq5hV/F9eXgt5Mnx0Rha5Fg=="],

    "crossws": ["crossws@0.3.5", "", { "dependencies": { "uncrypto": "^0.1.3" } }, "sha512-ojKiDvcmByhwa8YYqbQI/hg7MEU0NC03+pSdEq4ZUnZR9xXpwk7E43SMNGkn+JxJGPFtNvQ48+vV2p+P1ml5PA=="],

    "csstype": ["csstype@3.1.3", "", {}, "sha512-M1uQkMl8rQK/szD0LNhtqxIPLpimGm8sOBwU7lLnCpSbTyY3yeU1Vc7l4KT5zT4s/yOxHH5O7tIuuLOCnLADRw=="],

    "defu": ["defu@6.1.4", "", {}, "sha512-mEQCMmwJu317oSz8CwdIOdwf3xMif1ttiM8LTufzc3g6kR+9Pe236twL8j3IYT1F7GfRgGcW6MWxzZjLIkuHIg=="],

    "depd": ["depd@2.0.0", "", {}, "sha512-g7nH6P6dyDioJogAAGprGpCtVImJhpPk/roCzdb3fIh61/s/nPsfR6onyMwkCAR/OlC3yBC0lESvUoQEAssIrw=="],

    "destr": ["destr@2.0.5", "", {}, "sha512-ugFTXCtDZunbzasqBxrK93Ik/DRYsO6S/fedkWEMKqt04xZ4csmnmwGDBAb07QWNaGMAmnTIemsYZCksjATwsA=="],

    "detect-browser": ["detect-browser@5.3.0", "", {}, "sha512-53rsFbGdwMwlF7qvCt0ypLM5V5/Mbl0szB7GPN8y9NCcbknYOeVVXdrXEq+90IwAfrrzt6Hd+u2E2ntakICU8w=="],

    "elliptic": ["elliptic@6.6.1", "", { "dependencies": { "bn.js": "^4.11.9", "brorand": "^1.1.0", "hash.js": "^1.0.0", "hmac-drbg": "^1.0.1", "inherits": "^2.0.4", "minimalistic-assert": "^1.0.1", "minimalistic-crypto-utils": "^1.0.1" } }, "sha512-RaddvvMatK2LJHqFJ+YA4WysVN5Ita9E35botqIYspQ4TkRAlCicdzKOjlyv/1Za5RyTNn7di//eEV0uTAfe3g=="],

    "es-toolkit": ["es-toolkit@1.39.3", "", {}, "sha512-Qb/TCFCldgOy8lZ5uC7nLGdqJwSabkQiYQShmw4jyiPk1pZzaYWTwaYKYP7EgLccWYgZocMrtItrwh683voaww=="],

    "eventemitter3": ["eventemitter3@5.0.1", "", {}, "sha512-GWkBvjiSZK87ELrYOSESUYeVIc9mvLLf/nXalMOS5dYrgZq9o5OVkbZAVM06CVxYsCwH9BDZFPlQTlPA1j4ahA=="],

    "events": ["events@3.3.0", "", {}, "sha512-mQw+2fkQbALzQ7V0MY0IqdnXNOeTtP4r0lN9z7AAawCXgqea7bDii20AYrIBrFd/Hx0M2Ocz6S111CaFkUcb0Q=="],

    "exponential-backoff": ["exponential-backoff@3.1.3", "", {}, "sha512-ZgEeZXj30q+I0EN+CbSSpIyPaJ5HVQD18Z1m+u1FXbAeT94mr1zw50q4q6jiiC447Nl/YTcIYSAftiGqetwXCA=="],

    "h3": ["h3@1.15.4", "", { "dependencies": { "cookie-es": "^1.2.2", "crossws": "^0.3.5", "defu": "^6.1.4", "destr": "^2.0.5", "iron-webcrypto": "^1.2.1", "node-mock-http": "^1.0.2", "radix3": "^1.1.2", "ufo": "^1.6.1", "uncrypto": "^0.1.3" } }, "sha512-z5cFQWDffyOe4vQ9xIqNfCZdV4p//vy6fBnr8Q1AWnVZ0teurKMG66rLj++TKwKPUP3u7iMUvrvKaEUiQw2QWQ=="],

    "hash.js": ["hash.js@1.1.7", "", { "dependencies": { "inherits": "^2.0.3", "minimalistic-assert": "^1.0.1" } }, "sha512-taOaskGt4z4SOANNseOviYDvjEJinIkRgmp7LbKP2YTTmVxWBl87s/uzK9r+44BclBSp2X7K1hqeNfz9JbBeXA=="],

    "hmac-drbg": ["hmac-drbg@1.0.1", "", { "dependencies": { "hash.js": "^1.0.3", "minimalistic-assert": "^1.0.0", "minimalistic-crypto-utils": "^1.0.1" } }, "sha512-Tti3gMqLdZfhOQY1Mzf/AanLiqh1WTiJgEj26ZuYQ9fbkLomzGchCws4FyrSd4VkpBfiNhaE1On+lOz894jvXg=="],

    "idb-keyval": ["idb-keyval@6.2.2", "", {}, "sha512-yjD9nARJ/jb1g+CvD0tlhUHOrJ9Sy0P8T9MF3YaLlHnSRpwPfpTX0XIvpmw3gAJUmEu3FiICLBDPXVwyEvrleg=="],

    "inherits": ["inherits@2.0.4", "", {}, "sha512-k/vGaX4/Yla3WzyMCvTQOXYeIHvqOKtnqBduzTHpzpQZzAskKMhZ2K+EnBiSM9zGSoIFeMpXKxa4dYeZIQqewQ=="],

    "iron-webcrypto": ["iron-webcrypto@1.2.1", "", {}, "sha512-feOM6FaSr6rEABp/eDfVseKyTMDt+KGpeB35SkVn9Tyn0CqvVsY3EwI0v5i8nMHyJnzCIQf7nsy3p41TPkJZhg=="],

    "js-sha256": ["js-sha256@0.9.0", "", {}, "sha512-sga3MHh9sgQN2+pJ9VYZ+1LPwXOxuBJBA5nrR5/ofPfuiJBE2hnjsaN8se8JznOmGLN2p49Pe5U/ttafcs/apA=="],

    "keyvaluestorage-interface": ["keyvaluestorage-interface@1.0.0", "", {}, "sha512-8t6Q3TclQ4uZynJY9IGr2+SsIGwK9JHcO6ootkHCGA0CrQCRy+VkouYNO2xicET6b9al7QKzpebNow+gkpCL8g=="],

    "lru-cache": ["lru-cache@10.4.3", "", {}, "sha512-JNAzZcXrCt42VGLuYz0zfAzDfAvJWW6AfYlDBQyDV5DClI2m5sAmK+OIO7s59XfsRsWHp02jAJrRadPRGTt6SQ=="],

    "minimalistic-assert": ["minimalistic-assert@1.0.1", "", {}, "sha512-UtJcAD4yEaGtjPezWuO9wC4nwUnVH/8/Im3yEHQP4b67cXlD/Qr9hdITCU1xDbSEXg2XKNaP8jsReV7vQd00/A=="],

    "minimalistic-crypto-utils": ["minimalistic-crypto-utils@1.0.1", "", {}, "sha512-JIYlbt6g8i5jKfJ3xz7rF0LXmv2TkDxBLUkiBeZ7bAx4GnnNMr8xFpGnOxn6GhTEHx3SjRrZEoU+j04prX1ktg=="],

    "minipass": ["minipass@4.2.8", "", {}, "sha512-fNzuVyifolSLFL4NzpF+wEF4qrgqaaKX0haXPQEdQ7NKAN+WecoKMHV09YcuL/DHxrUsYQOK3MiuDf7Ip2OXfQ=="],

    "minizlib": ["minizlib@3.1.0", "", { "dependencies": { "minipass": "^7.1.2" } }, "sha512-KZxYo1BUkWD2TVFLr0MQoM8vUUigWD3LlD83a/75BqC+4qE0Hb1Vo5v1FgcfaNXvfXzr+5EhQ6ing/CaBijTlw=="],

    "multiformats": ["multiformats@9.9.0", "", {}, "sha512-HoMUjhH9T8DDBNT+6xzkrd9ga/XiBI4xLr58LJACwK6G3HTOPeMz4nB4KJs33L2BelrIJa7P0VuNaVF3hMYfjg=="],

    "mustache": ["mustache@4.0.0", "", { "bin": { "mustache": "./bin/mustache" } }, "sha512-FJgjyX/IVkbXBXYUwH+OYwQKqWpFPLaLVESd70yHjSDunwzV2hZOoTBvPf4KLoxesUzzyfTH6F784Uqd7Wm5yA=="],

    "node-addon-api": ["node-addon-api@5.1.0", "", {}, "sha512-eh0GgfEkpnoWDq+VY8OyvYhFEzBk6jIYbRKdIlyTiAXIVJ8PyBaKb0rp7oDtoddbdoHWhq8wwr+XZ81F1rpNdA=="],

    "node-fetch": ["node-fetch@2.6.7", "", { "dependencies": { "whatwg-url": "^5.0.0" }, "peerDependencies": { "encoding": "^0.1.0" }, "optionalPeers": ["encoding"] }, "sha512-ZjMPFEfVx5j+y2yF35Kzx5sF7kDzxuDj6ziH4FFbOp87zKDZNx8yExJIb05OGF4Nlt9IHFIMBkRl41VdvcNdbQ=="],

    "node-fetch-native": ["node-fetch-native@1.6.7", "", {}, "sha512-g9yhqoedzIUm0nTnTqAQvueMPVOuIY16bqgAJJC8XOOubYFNwz6IER9qs0Gq2Xd0+CecCKFjtdDTMA4u4xG06Q=="],

    "node-gyp-build": ["node-gyp-build@4.8.4", "", { "bin": { "node-gyp-build": "bin.js", "node-gyp-build-optional": "optional.js", "node-gyp-build-test": "build-test.js" } }, "sha512-LA4ZjwlnUblHVgq0oBF3Jl/6h/Nvs5fzBLwdEF4nuxnFdsfajde4WfxtJr3CaiH+F6ewcIB/q4jQ4UzPyid+CQ=="],

    "node-mock-http": ["node-mock-http@1.0.3", "", {}, "sha512-jN8dK25fsfnMrVsEhluUTPkBFY+6ybu7jSB1n+ri/vOGjJxU8J9CZhpSGkHXSkFjtUhbmoncG/YG9ta5Ludqog=="],

    "normalize-path": ["normalize-path@3.0.0", "", {}, "sha512-6eZs5Ls3WtCisHWp9S2GUy8dqkpGi4BVSz3GaqiE6ezub0512ESztXUwUB6C6IKbQkY2Pnb/mD4WYojCRwcwLA=="],

    "ofetch": ["ofetch@1.5.1", "", { "dependencies": { "destr": "^2.0.5", "node-fetch-native": "^1.6.7", "ufo": "^1.6.1" } }, "sha512-2W4oUZlVaqAPAil6FUg/difl6YhqhUR7x2eZY4bQCko22UXg3hptq9KLQdqFClV+Wu85UX7hNtdGTngi/1BxcA=="],

    "on-exit-leak-free": ["on-exit-leak-free@2.1.2", "", {}, "sha512-0eJJY6hXLGf1udHwfNftBqH+g73EU4B504nZeKpz1sYRKafAghwxEJunB2O7rDZkL4PGfsMVnTXZ2EjibbqcsA=="],

    "ox": ["ox@0.9.3", "", { "dependencies": { "@adraffy/ens-normalize": "^1.11.0", "@noble/ciphers": "^1.3.0", "@noble/curves": "1.9.1", "@noble/hashes": "^1.8.0", "@scure/bip32": "^1.7.0", "@scure/bip39": "^1.6.0", "abitype": "^1.0.9", "eventemitter3": "5.0.1" }, "peerDependencies": { "typescript": ">=5.4.0" }, "optionalPeers": ["typescript"] }, "sha512-KzyJP+fPV4uhuuqrTZyok4DC7vFzi7HLUFiUNEmpbyh59htKWkOC98IONC1zgXJPbHAhQgqs6B0Z6StCGhmQvg=="],

    "picomatch": ["picomatch@2.3.1", "", {}, "sha512-JU3teHTNjmE2VCGFzuY8EXzCDVwEqB2a8fsIvwaStHhAWJEeVd1o1QD80CU6+ZdEXXSLbSsuLwJjkCBWqRQUVA=="],

    "pino": ["pino@10.0.0", "", { "dependencies": { "atomic-sleep": "^1.0.0", "on-exit-leak-free": "^2.1.0", "pino-abstract-transport": "^2.0.0", "pino-std-serializers": "^7.0.0", "process-warning": "^5.0.0", "quick-format-unescaped": "^4.0.3", "real-require": "^0.2.0", "safe-stable-stringify": "^2.3.1", "slow-redact": "^0.3.0", "sonic-boom": "^4.0.1", "thread-stream": "^3.0.0" }, "bin": { "pino": "bin.js" } }, "sha512-eI9pKwWEix40kfvSzqEP6ldqOoBIN7dwD/o91TY5z8vQI12sAffpR/pOqAD1IVVwIVHDpHjkq0joBPdJD0rafA=="],

    "pino-abstract-transport": ["pino-abstract-transport@2.0.0", "", { "dependencies": { "split2": "^4.0.0" } }, "sha512-F63x5tizV6WCh4R6RHyi2Ml+M70DNRXt/+HANowMflpgGFMAym/VKm6G7ZOQRjqN7XbGxK1Lg9t6ZrtzOaivMw=="],

    "pino-std-serializers": ["pino-std-serializers@7.0.0", "", {}, "sha512-e906FRY0+tV27iq4juKzSYPbUj2do2X2JX4EzSca1631EB2QJQUqGbDuERal7LCtOpxl6x3+nvo9NPZcmjkiFA=="],

    "process-warning": ["process-warning@5.0.0", "", {}, "sha512-a39t9ApHNx2L4+HBnQKqxxHNs1r7KF+Intd8Q/g1bUh6q0WIp9voPXJ/x0j+ZL45KF1pJd9+q2jLIRMfvEshkA=="],

    "quick-format-unescaped": ["quick-format-unescaped@4.0.4", "", {}, "sha512-tYC1Q1hgyRuHgloV/YXs2w15unPVh8qfu/qCTfhTYamaw7fyhumKa2yGpdSo87vY32rIclj+4fWYQXUMs9EHvg=="],

    "radix3": ["radix3@1.1.2", "", {}, "sha512-b484I/7b8rDEdSDKckSSBA8knMpcdsXudlE/LNL639wFoHKwLbEkQFZHWEYwDC0wa0FKUcCY+GAF73Z7wxNVFA=="],

    "readdirp": ["readdirp@4.1.2", "", {}, "sha512-GDhwkLfywWL2s6vEjyhri+eXmfH6j1L7JE27WhqLeYzoh/A3DBaYGEj2H/HFZCn/kMfim73FXxEJTw06WtxQwg=="],

    "real-require": ["real-require@0.2.0", "", {}, "sha512-57frrGM/OCTLqLOAh0mhVA9VBMHd+9U7Zb2THMGdBUoZVOtGbJzjxsYGDJ3A9AYYCP4hn6y1TVbaOfzWtm5GFg=="],

    "rxjs": ["rxjs@7.8.1", "", { "dependencies": { "tslib": "^2.1.0" } }, "sha512-AA3TVj+0A2iuIoQkWEK/tqFjBq2j+6PO6Y0zJcvzLAFhEFIO3HL0vls9hWLncZbAAbK0mar7oZ4V079I/qPMxg=="],

    "safe-stable-stringify": ["safe-stable-stringify@2.5.0", "", {}, "sha512-b3rppTKm9T+PsVCBEOUR46GWI7fdOs00VKZ1+9c1EWDaDMvjQc6tUwuFyIprgGgTcWoVHSKrU8H31ZHA2e0RHA=="],

    "secp256k1": ["secp256k1@5.0.1", "", { "dependencies": { "elliptic": "^6.5.7", "node-addon-api": "^5.0.0", "node-gyp-build": "^4.2.0" } }, "sha512-lDFs9AAIaWP9UCdtWrotXWWF9t8PWgQDcxqgAnpM9rMqxb3Oaq2J0thzPVSxBwdJgyQtkU/sYtFtbM1RSt/iYA=="],

    "slow-redact": ["slow-redact@0.3.2", "", {}, "sha512-MseHyi2+E/hBRqdOi5COy6wZ7j7DxXRz9NkseavNYSvvWC06D8a5cidVZX3tcG5eCW3NIyVU4zT63hw0Q486jw=="],

    "sonic-boom": ["sonic-boom@4.2.0", "", { "dependencies": { "atomic-sleep": "^1.0.0" } }, "sha512-INb7TM37/mAcsGmc9hyyI6+QR3rR1zVRu36B0NeGXKnOOLiZOfER5SA+N7X7k3yUYRzLWafduTDvJAfDswwEww=="],

    "split2": ["split2@4.2.0", "", {}, "sha512-UcjcJOWknrNkF6PLX83qcHM6KHgVKNkV62Y8a5uYDVv9ydGQVwAHMKqHdJje1VTWpljG0WYpCDhrCdAOYH4TWg=="],

    "tar": ["tar@7.5.2", "", { "dependencies": { "@isaacs/fs-minipass": "^4.0.0", "chownr": "^3.0.0", "minipass": "^7.1.2", "minizlib": "^3.1.0", "yallist": "^5.0.0" } }, "sha512-7NyxrTE4Anh8km8iEy7o0QYPs+0JKBTj5ZaqHg6B39erLg0qYXN3BijtShwbsNSvQ+LN75+KV+C4QR/f6Gwnpg=="],

    "thread-stream": ["thread-stream@3.1.0", "", { "dependencies": { "real-require": "^0.2.0" } }, "sha512-OqyPZ9u96VohAyMfJykzmivOrY2wfMSf3C5TtFJVgN+Hm6aj+voFhlK+kZEIv2FBh1X6Xp3DlnCOfEQ3B2J86A=="],

    "tr46": ["tr46@0.0.3", "", {}, "sha512-N3WMsuqV66lT30CrXNbEjx4GEwlow3v6rr4mCcv6prnfwhS01rkgyFdjPNBYd9br7LpXV1+Emh01fHnq2Gdgrw=="],

    "tslib": ["tslib@2.8.1", "", {}, "sha512-oJFu94HQb+KVduSUQL7wnpmqnfmLsOA/nAh6b6EH0wCEoK0/mPeXU6c3wKDV83MkOuHPRHtSXKKU99IBazS/2w=="],

    "typescript": ["typescript@5.9.3", "", { "bin": { "tsc": "bin/tsc", "tsserver": "bin/tsserver" } }, "sha512-jl1vZzPDinLr9eUt3J/t7V6FgNEw9QjvBPdysz9KfQDD41fQrC2Y4vKQdiaUpFT4bXlb1RHhLpp8wtm6M5TgSw=="],

    "ufo": ["ufo@1.6.1", "", {}, "sha512-9a4/uxlTWJ4+a5i0ooc1rU7C7YOw3wT+UGqdeNNHWnOF9qcMBgLRS+4IYUqbczewFx4mLEig6gawh7X6mFlEkA=="],

    "uint8arrays": ["uint8arrays@3.1.1", "", { "dependencies": { "multiformats": "^9.4.2" } }, "sha512-+QJa8QRnbdXVpHYjLoTpJIdCTiw9Ir62nocClWuXIq2JIh4Uta0cQsTSpFL678p2CN8B+XSApwcU+pQEqVpKWg=="],

    "uncrypto": ["uncrypto@0.1.3", "", {}, "sha512-Ql87qFHB3s/De2ClA9e0gsnS6zXG27SkTiSJwjCc9MebbfapQfuPzumMIUMi38ezPZVNFcHI9sUIepeQfw8J8Q=="],

    "undici-types": ["undici-types@7.16.0", "", {}, "sha512-Zz+aZWSj8LE6zoxD+xrjh4VfkIG8Ya6LvYkZqtUQGJPZjYl53ypCaUwWqo7eI0x66KBGeRo+mlBEkMSeSZ38Nw=="],

    "unstorage": ["unstorage@1.17.2", "", { "dependencies": { "anymatch": "^3.1.3", "chokidar": "^4.0.3", "destr": "^2.0.5", "h3": "^1.15.4", "lru-cache": "^10.4.3", "node-fetch-native": "^1.6.7", "ofetch": "^1.5.0", "ufo": "^1.6.1" }, "peerDependencies": { "@azure/app-configuration": "^1.8.0", "@azure/cosmos": "^4.2.0", "@azure/data-tables": "^13.3.0", "@azure/identity": "^4.6.0", "@azure/keyvault-secrets": "^4.9.0", "@azure/storage-blob": "^12.26.0", "@capacitor/preferences": "^6.0.3 || ^7.0.0", "@deno/kv": ">=0.9.0", "@netlify/blobs": "^6.5.0 || ^7.0.0 || ^8.1.0 || ^9.0.0 || ^10.0.0", "@planetscale/database": "^1.19.0", "@upstash/redis": "^1.34.3", "@vercel/blob": ">=0.27.1", "@vercel/functions": "^2.2.12 || ^3.0.0", "@vercel/kv": "^1.0.1", "aws4fetch": "^1.0.20", "db0": ">=0.2.1", "idb-keyval": "^6.2.1", "ioredis": "^5.4.2", "uploadthing": "^7.4.4" }, "optionalPeers": ["@azure/app-configuration", "@azure/cosmos", "@azure/data-tables", "@azure/identity", "@azure/keyvault-secrets", "@azure/storage-blob", "@capacitor/preferences", "@deno/kv", "@netlify/blobs", "@planetscale/database", "@upstash/redis", "@vercel/blob", "@vercel/functions", "@vercel/kv", "aws4fetch", "db0", "idb-keyval", "ioredis", "uploadthing"] }, "sha512-cKEsD6iBWJgOMJ6vW1ID/SYuqNf8oN4yqRk8OYqaVQ3nnkJXOT1PSpaMh2QfzLs78UN5kSNRD2c/mgjT8tX7+w=="],

    "webidl-conversions": ["webidl-conversions@3.0.1", "", {}, "sha512-2JAn3z8AR6rjK8Sm8orRC0h/bcl/DqL7tRPdGZ4I1CjdF+EaMLmYxBHyXuKL849eucPFhvBoxMsflfOb8kxaeQ=="],

    "whatwg-url": ["whatwg-url@5.0.0", "", { "dependencies": { "tr46": "~0.0.3", "webidl-conversions": "^3.0.0" } }, "sha512-saE57nupxk6v3HY35+jzBwYa0rKSy0XR8JSxZPwgLr7ys0IBzhGviA1/TUGJLmSVqs8pb9AnvICXEuOHLprYTw=="],

    "ws": ["ws@7.5.10", "", { "peerDependencies": { "bufferutil": "^4.0.1", "utf-8-validate": "^5.0.2" }, "optionalPeers": ["bufferutil", "utf-8-validate"] }, "sha512-+dbF1tHwZpXcbOJdVOkzLDxZP1ailvSxM6ZweXTegylPny803bFhA+vqBYw4s31NSAk4S2Qz+AKXK9a4wkdjcQ=="],

    "yallist": ["yallist@5.0.0", "", {}, "sha512-YgvUTfwqyc7UXVMrB+SImsVYSmTS8X/tSrtdNZMImM+n7+QTriRXyXim0mBrTXNeqzVF0KWGgHPeiyViFFrNDw=="],

    "zod": ["zod@4.1.12", "", {}, "sha512-JInaHOamG8pt5+Ey8kGmdcAcg3OL9reK8ltczgHTAwNhMys/6ThXHityHxVV2p3fkw/c+MAvBHFVYHFZDmjMCQ=="],

    "@isaacs/fs-minipass/minipass": ["minipass@7.1.2", "", {}, "sha512-qOOzS1cBTWYF4BH8fVePDBOO9iptMnGUEZwNc/cMWnTV2nVLZ7VoNWEPHkYczZA0pdoA7dl6e7FL659nX9S2aw=="],

    "@near-js/crypto/@noble/curves": ["@noble/curves@1.8.1", "", { "dependencies": { "@noble/hashes": "1.7.1" } }, "sha512-warwspo+UYUPep0Q+vtdVB4Ugn8GGQj8iyB3gnRWsztmUHTI3S1nhdiWNsPUGL0vud7JlRRk1XEu7Lq1KGTnMQ=="],

    "@near-js/crypto/@noble/hashes": ["@noble/hashes@1.7.1", "", {}, "sha512-B8XBPsn4vT/KJAGqDzbwztd+6Yte3P4V7iafm24bxgDe/mlRuK6xmWPuCNrKt2vDafZ8MfJLlchDG/vYafQEjQ=="],

    "@near-js/signers/@noble/hashes": ["@noble/hashes@1.7.1", "", {}, "sha512-B8XBPsn4vT/KJAGqDzbwztd+6Yte3P4V7iafm24bxgDe/mlRuK6xmWPuCNrKt2vDafZ8MfJLlchDG/vYafQEjQ=="],

    "@near-js/transactions/@noble/hashes": ["@noble/hashes@1.7.1", "", {}, "sha512-B8XBPsn4vT/KJAGqDzbwztd+6Yte3P4V7iafm24bxgDe/mlRuK6xmWPuCNrKt2vDafZ8MfJLlchDG/vYafQEjQ=="],

    "@near-js/utils/@scure/base": ["@scure/base@1.2.6", "", {}, "sha512-g/nm5FgUa//MCj1gV09zTJTaM6KBAHqLN907YVQqf7zC49+DcO4B1so4ZX07Ef10Twr6nuqYEH9GEggFXA4Fmg=="],

    "@near-wallet-selector/core/borsh": ["borsh@2.0.0", "", {}, "sha512-kc9+BgR3zz9+cjbwM8ODoUB4fs3X3I5A/HtX7LZKxCLaMrEeDFoBpnhZY//DTS1VZBSs6S5v46RZRbZjRFspEg=="],

    "@walletconnect/environment/tslib": ["tslib@1.14.1", "", {}, "sha512-Xni35NKzjgMrwevysHTCArtLDpPvye8zV/0E4EyYn43P7/7qvQwPh9BGkHewbMulVntbigmcT7rdX3BNo9wRJg=="],

    "@walletconnect/events/tslib": ["tslib@1.14.1", "", {}, "sha512-Xni35NKzjgMrwevysHTCArtLDpPvye8zV/0E4EyYn43P7/7qvQwPh9BGkHewbMulVntbigmcT7rdX3BNo9wRJg=="],

    "@walletconnect/jsonrpc-utils/tslib": ["tslib@1.14.1", "", {}, "sha512-Xni35NKzjgMrwevysHTCArtLDpPvye8zV/0E4EyYn43P7/7qvQwPh9BGkHewbMulVntbigmcT7rdX3BNo9wRJg=="],

    "@walletconnect/relay-auth/@noble/curves": ["@noble/curves@1.8.0", "", { "dependencies": { "@noble/hashes": "1.7.0" } }, "sha512-j84kjAbzEnQHaSIhRPUmB3/eVXu2k3dKPl2LOrR8fSOIL+89U+7lV117EWHtq/GHM3ReGHM46iRBdZfpc4HRUQ=="],

    "@walletconnect/relay-auth/@noble/hashes": ["@noble/hashes@1.7.0", "", {}, "sha512-HXydb0DgzTpDPwbVeDGCG1gIu7X6+AuU6Zl6av/E/KG8LMsvPntvq+w17CHRpKBmN6Ybdrt1eP3k4cj8DJa78w=="],

    "@walletconnect/safe-json/tslib": ["tslib@1.14.1", "", {}, "sha512-Xni35NKzjgMrwevysHTCArtLDpPvye8zV/0E4EyYn43P7/7qvQwPh9BGkHewbMulVntbigmcT7rdX3BNo9wRJg=="],

    "@walletconnect/time/tslib": ["tslib@1.14.1", "", {}, "sha512-Xni35NKzjgMrwevysHTCArtLDpPvye8zV/0E4EyYn43P7/7qvQwPh9BGkHewbMulVntbigmcT7rdX3BNo9wRJg=="],

    "@walletconnect/utils/@noble/curves": ["@noble/curves@1.9.7", "", { "dependencies": { "@noble/hashes": "1.8.0" } }, "sha512-gbKGcRUYIjA3/zCCNaWDciTMFI0dCkvou3TL8Zmy5Nc7sJ47a0jtOeZoTaMxkuqRo9cRhjOdZJXegxYE5FN/xw=="],

    "@walletconnect/utils/@noble/hashes": ["@noble/hashes@1.8.0", "", {}, "sha512-jCs9ldd7NwzpgXDIf6P3+NrHh9/sD6CQdxHyjQI+h/6rDNo88ypBxxz45UDuZHz9r3tNz7N/VInSVoVdtXEI4A=="],

    "@walletconnect/utils/@scure/base": ["@scure/base@1.2.6", "", {}, "sha512-g/nm5FgUa//MCj1gV09zTJTaM6KBAHqLN907YVQqf7zC49+DcO4B1so4ZX07Ef10Twr6nuqYEH9GEggFXA4Fmg=="],

    "@walletconnect/window-getters/tslib": ["tslib@1.14.1", "", {}, "sha512-Xni35NKzjgMrwevysHTCArtLDpPvye8zV/0E4EyYn43P7/7qvQwPh9BGkHewbMulVntbigmcT7rdX3BNo9wRJg=="],

    "@walletconnect/window-metadata/tslib": ["tslib@1.14.1", "", {}, "sha512-Xni35NKzjgMrwevysHTCArtLDpPvye8zV/0E4EyYn43P7/7qvQwPh9BGkHewbMulVntbigmcT7rdX3BNo9wRJg=="],

    "minizlib/minipass": ["minipass@7.1.2", "", {}, "sha512-qOOzS1cBTWYF4BH8fVePDBOO9iptMnGUEZwNc/cMWnTV2nVLZ7VoNWEPHkYczZA0pdoA7dl6e7FL659nX9S2aw=="],

    "ox/@noble/curves": ["@noble/curves@1.9.1", "", { "dependencies": { "@noble/hashes": "1.8.0" } }, "sha512-k11yZxZg+t+gWvBbIswW0yoJlu8cHOC7dhunwOzoWH/mXGBiYyR4YY6hAEK/3EUs4UpB8la1RfdRpeGsFHkWsA=="],

    "ox/@noble/hashes": ["@noble/hashes@1.8.0", "", {}, "sha512-jCs9ldd7NwzpgXDIf6P3+NrHh9/sD6CQdxHyjQI+h/6rDNo88ypBxxz45UDuZHz9r3tNz7N/VInSVoVdtXEI4A=="],

    "ox/@scure/bip32": ["@scure/bip32@1.7.0", "", { "dependencies": { "@noble/curves": "~1.9.0", "@noble/hashes": "~1.8.0", "@scure/base": "~1.2.5" } }, "sha512-E4FFX/N3f4B80AKWp5dP6ow+flD1LQZo/w8UnLGYZO674jS6YnYeepycOOksv+vLPSpgN35wgKgy+ybfTb2SMw=="],

    "ox/@scure/bip39": ["@scure/bip39@1.6.0", "", { "dependencies": { "@noble/hashes": "~1.8.0", "@scure/base": "~1.2.5" } }, "sha512-+lF0BbLiJNwVlev4eKelw1WWLaiKXw7sSl8T6FvBlWkdX+94aGJ4o8XjUdlyhTCjd8c+B3KT3JfS8P0bLRNU6A=="],

    "tar/minipass": ["minipass@7.1.2", "", {}, "sha512-qOOzS1cBTWYF4BH8fVePDBOO9iptMnGUEZwNc/cMWnTV2nVLZ7VoNWEPHkYczZA0pdoA7dl6e7FL659nX9S2aw=="],

    "ox/@scure/bip32/@noble/curves": ["@noble/curves@1.9.7", "", { "dependencies": { "@noble/hashes": "1.8.0" } }, "sha512-gbKGcRUYIjA3/zCCNaWDciTMFI0dCkvou3TL8Zmy5Nc7sJ47a0jtOeZoTaMxkuqRo9cRhjOdZJXegxYE5FN/xw=="],

    "ox/@scure/bip32/@scure/base": ["@scure/base@1.2.6", "", {}, "sha512-g/nm5FgUa//MCj1gV09zTJTaM6KBAHqLN907YVQqf7zC49+DcO4B1so4ZX07Ef10Twr6nuqYEH9GEggFXA4Fmg=="],

    "ox/@scure/bip39/@scure/base": ["@scure/base@1.2.6", "", {}, "sha512-g/nm5FgUa//MCj1gV09zTJTaM6KBAHqLN907YVQqf7zC49+DcO4B1so4ZX07Ef10Twr6nuqYEH9GEggFXA4Fmg=="],
  }
}
